// !$*UTF8*$!
{
	archiveVersion = 1;
	classes = {
	};
	objectVersion = 46;
	objects = {

/* Begin PBXBuildFile section */
		4AA1435E1B9B3C7F00F48970 /* AppDelegate.swift in Sources */ = {isa = PBXBuildFile; fileRef = 4AA1435D1B9B3C7F00F48970 /* AppDelegate.swift */; };
		4AA143601B9B3C7F00F48970 /* FirstViewController.swift in Sources */ = {isa = PBXBuildFile; fileRef = 4AA1435F1B9B3C7F00F48970 /* FirstViewController.swift */; };
		4AA143621B9B3C7F00F48970 /* SecondViewController.swift in Sources */ = {isa = PBXBuildFile; fileRef = 4AA143611B9B3C7F00F48970 /* SecondViewController.swift */; };
		4AA143651B9B3C7F00F48970 /* Main.storyboard in Resources */ = {isa = PBXBuildFile; fileRef = 4AA143631B9B3C7F00F48970 /* Main.storyboard */; };
		4AA143671B9B3C7F00F48970 /* Assets.xcassets in Resources */ = {isa = PBXBuildFile; fileRef = 4AA143661B9B3C7F00F48970 /* Assets.xcassets */; };
		4AA1436A1B9B3C7F00F48970 /* LaunchScreen.storyboard in Resources */ = {isa = PBXBuildFile; fileRef = 4AA143681B9B3C7F00F48970 /* LaunchScreen.storyboard */; };
/* End PBXBuildFile section */

/* Begin PBXFileReference section */
		4AA1435A1B9B3C7F00F48970 /* To-Do-List.app */ = {isa = PBXFileReference; explicitFileType = wrapper.application; includeInIndex = 0; path = "To-Do-List.app"; sourceTree = BUILT_PRODUCTS_DIR; };
		4AA1435D1B9B3C7F00F48970 /* AppDelegate.swift */ = {isa = PBXFileReference; lastKnownFileType = sourcecode.swift; path = AppDelegate.swift; sourceTree = "<group>"; };
		4AA1435F1B9B3C7F00F48970 /* FirstViewController.swift */ = {isa = PBXFileReference; lastKnownFileType = sourcecode.swift; path = FirstViewController.swift; sourceTree = "<group>"; };
		4AA143611B9B3C7F00F48970 /* SecondViewController.swift */ = {isa = PBXFileReference; lastKnownFileType = sourcecode.swift; path = SecondViewController.swift; sourceTree = "<group>"; };
		4AA143641B9B3C7F00F48970 /* Base */ = {isa = PBXFileReference; lastKnownFileType = file.storyboard; name = Base; path = Base.lproj/Main.storyboard; sourceTree = "<group>"; };
		4AA143661B9B3C7F00F48970 /* Assets.xcassets */ = {isa = PBXFileReference; lastKnownFileType = folder.assetcatalog; path = Assets.xcassets; sourceTree = "<group>"; };
		4AA143691B9B3C7F00F48970 /* Base */ = {isa = PBXFileReference; lastKnownFileType = file.storyboard; name = Base; path = Base.lproj/LaunchScreen.storyboard; sourceTree = "<group>"; };
		4AA1436B1B9B3C7F00F48970 /* Info.plist */ = {isa = PBXFileReference; lastKnownFileType = text.plist.xml; path = Info.plist; sourceTree = "<group>"; };
/* End PBXFileReference section */

/* Begin PBXFrameworksBuildPhase section */
		4AA143571B9B3C7F00F48970 /* Frameworks */ = {
			isa = PBXFrameworksBuildPhase;
			buildActionMask = 2147483647;
			files = (
			);
			runOnlyForDeploymentPostprocessing = 0;
		};
/* End PBXFrameworksBuildPhase section */

/* Begin PBXGroup section */
		4AA143511B9B3C7F00F48970 = {
			isa = PBXGroup;
			children = (
				4AA1435C1B9B3C7F00F48970 /* To-Do-List */,
				4AA1435B1B9B3C7F00F48970 /* Products */,
			);
			sourceTree = "<group>";
		};
		4AA1435B1B9B3C7F00F48970 /* Products */ = {
			isa = PBXGroup;
			children = (
				4AA1435A1B9B3C7F00F48970 /* To-Do-List.app */,
			);
			name = Products;
			sourceTree = "<group>";
		};
		4AA1435C1B9B3C7F00F48970 /* To-Do-List */ = {
			isa = PBXGroup;
			children = (
				4AA1435D1B9B3C7F00F48970 /* AppDelegate.swift */,
				4AA1435F1B9B3C7F00F48970 /* FirstViewController.swift */,
				4AA143611B9B3C7F00F48970 /* SecondViewController.swift */,
				4AA143631B9B3C7F00F48970 /* Main.storyboard */,
				4AA143661B9B3C7F00F48970 /* Assets.xcassets */,
				4AA143681B9B3C7F00F48970 /* LaunchScreen.storyboard */,
				4AA1436B1B9B3C7F00F48970 /* Info.plist */,
			);
			path = "To-Do-List";
			sourceTree = "<group>";
		};
/* End PBXGroup section */

/* Begin PBXNativeTarget section */
		4AA143591B9B3C7F00F48970 /* To-Do-List */ = {
			isa = PBXNativeTarget;
			buildConfigurationList = 4AA1436E1B9B3C7F00F48970 /* Build configuration list for PBXNativeTarget "To-Do-List" */;
			buildPhases = (
				4AA143561B9B3C7F00F48970 /* Sources */,
				4AA143571B9B3C7F00F48970 /* Frameworks */,
				4AA143581B9B3C7F00F48970 /* Resources */,
			);
			buildRules = (
			);
			dependencies = (
			);
			name = "To-Do-List";
			productName = "To-Do-List";
			productReference = 4AA1435A1B9B3C7F00F48970 /* To-Do-List.app */;
			productType = "com.apple.product-type.application";
		};
/* End PBXNativeTarget section */

/* Begin PBXProject section */
		4AA143521B9B3C7F00F48970 /* Project object */ = {
			isa = PBXProject;
			attributes = {
				LastUpgradeCheck = 0700;
				ORGANIZATIONNAME = kennanseno;
				TargetAttributes = {
					4AA143591B9B3C7F00F48970 = {
						CreatedOnToolsVersion = 7.0;
						DevelopmentTeam = NSR8S4AA7Q;
					};
				};
			};
			buildConfigurationList = 4AA143551B9B3C7F00F48970 /* Build configuration list for PBXProject "To-Do-List" */;
			compatibilityVersion = "Xcode 3.2";
			developmentRegion = English;
			hasScannedForEncodings = 0;
			knownRegions = (
				en,
				Base,
			);
			mainGroup = 4AA143511B9B3C7F00F48970;
			productRefGroup = 4AA1435B1B9B3C7F00F48970 /* Products */;
			projectDirPath = "";
			projectRoot = "";
			targets = (
				4AA143591B9B3C7F00F48970 /* To-Do-List */,
			);
		};
/* End PBXProject section */

/* Begin PBXResourcesBuildPhase section */
		4AA143581B9B3C7F00F48970 /* Resources */ = {
			isa = PBXResourcesBuildPhase;
			buildActionMask = 2147483647;
			files = (
				4AA1436A1B9B3C7F00F48970 /* LaunchScreen.storyboard in Resources */,
				4AA143671B9B3C7F00F48970 /* Assets.xcassets in Resources */,
				4AA143651B9B3C7F00F48970 /* Main.storyboard in Resources */,
			);
			runOnlyForDeploymentPostprocessing = 0;
		};
/* End PBXResourcesBuildPhase section */

/* Begin PBXSourcesBuildPhase section */
		4AA143561B9B3C7F00F48970 /* Sources */ = {
			isa = PBXSourcesBuildPhase;
			buildActionMask = 2147483647;
			files = (
				4AA143621B9B3C7F00F48970 /* SecondViewController.swift in Sources */,
				4AA1435E1B9B3C7F00F48970 /* AppDelegate.swift in Sources */,
				4AA143601B9B3C7F00F48970 /* FirstViewController.swift in Sources */,
			);
			runOnlyForDeploymentPostprocessing = 0;
		};
/* End PBXSourcesBuildPhase section */

/* Begin PBXVariantGroup section */
		4AA143631B9B3C7F00F48970 /* Main.storyboard */ = {
			isa = PBXVariantGroup;
			children = (
				4AA143641B9B3C7F00F48970 /* Base */,
			);
			name = Main.storyboard;
			sourceTree = "<group>";
		};
		4AA143681B9B3C7F00F48970 /* LaunchScreen.storyboard */ = {
			isa = PBXVariantGroup;
			children = (
				4AA143691B9B3C7F00F48970 /* Base */,
			);
			name = LaunchScreen.storyboard;
			sourceTree = "<group>";
		};
/* End PBXVariantGroup section */

/* Begin XCBuildConfiguration section */
		4AA1436C1B9B3C7F00F48970 /* Debug */ = {
			isa = XCBuildConfiguration;
			buildSettings = {
				ALWAYS_SEARCH_USER_PATHS = NO;
				CLANG_CXX_LANGUAGE_STANDARD = "gnu++0x";
				CLANG_CXX_LIBRARY = "libc++";
				CLANG_ENABLE_MODULES = YES;
				CLANG_ENABLE_OBJC_ARC = YES;
				CLANG_WARN_BOOL_CONVERSION = YES;
				CLANG_WARN_CONSTANT_CONVERSION = YES;
				CLANG_WARN_DIRECT_OBJC_ISA_USAGE = YES_ERROR;
				CLANG_WARN_EMPTY_BODY = YES;
				CLANG_WARN_ENUM_CONVERSION = YES;
				CLANG_WARN_INT_CONVERSION = YES;
				CLANG_WARN_OBJC_ROOT_CLASS = YES_ERROR;
				CLANG_WARN_UNREACHABLE_CODE = YES;
				CLANG_WARN__DUPLICATE_METHOD_MATCH = YES;
				"CODE_SIGN_IDENTITY[sdk=iphoneos*]" = "iPhone Developer";
				COPY_PHASE_STRIP = NO;
				DEBUG_INFORMATION_FORMAT = dwarf;
				ENABLE_STRICT_OBJC_MSGSEND = YES;
				ENABLE_TESTABILITY = YES;
				GCC_C_LANGUAGE_STANDARD = gnu99;
				GCC_DYNAMIC_NO_PIC = NO;
				GCC_NO_COMMON_BLOCKS = YES;
				GCC_OPTIMIZATION_LEVEL = 0;
				GCC_PREPROCESSOR_DEFINITIONS = (
					"DEBUG=1",
					"$(inherited)",
				);
				GCC_WARN_64_TO_32_BIT_CONVERSION = YES;
				GCC_WARN_ABOUT_RETURN_TYPE = YES_ERROR;
				GCC_WARN_UNDECLARED_SELECTOR = YES;
				GCC_WARN_UNINITIALIZED_AUTOS = YES_AGGRESSIVE;
				GCC_WARN_UNUSED_FUNCTION = YES;
				GCC_WARN_UNUSED_VARIABLE = YES;
				IPHONEOS_DEPLOYMENT_TARGET = 9.0;
				MTL_ENABLE_DEBUG_INFO = YES;
				ONLY_ACTIVE_ARCH = YES;
				SDKROOT = iphoneos;
				SWIFT_OPTIMIZATION_LEVEL = "-Onone";
			};
			name = Debug;
		};
		4AA1436D1B9B3C7F00F48970 /* Release */ = {
			isa = XCBuildConfiguration;
			buildSettings = {
				ALWAYS_SEARCH_USER_PATHS = NO;
				CLANG_CXX_LANGUAGE_STANDARD = "gnu++0x";
				CLANG_CXX_LIBRARY = "libc++";
				CLANG_ENABLE_MODULES = YES;
				CLANG_ENABLE_OBJC_ARC = YES;
				CLANG_WARN_BOOL_CONVERSION = YES;
				CLANG_WARN_CONSTANT_CONVERSION = YES;
				CLANG_WARN_DIRECT_OBJC_ISA_USAGE = YES_ERROR;
				CLANG_WARN_EMPTY_BODY = YES;
				CLANG_WARN_ENUM_CONVERSION = YES;
				CLANG_WARN_INT_CONVERSION = YES;
				CLANG_WARN_OBJC_ROOT_CLASS = YES_ERROR;
				CLANG_WARN_UNREACHABLE_CODE = YES;
				CLANG_WARN__DUPLICATE_METHOD_MATCH = YES;
				"CODE_SIGN_IDENTITY[sdk=iphoneos*]" = "iPhone Developer";
				COPY_PHASE_STRIP = NO;
				DEBUG_INFORMATION_FORMAT = "dwarf-with-dsym";
				ENABLE_NS_ASSERTIONS = NO;
				ENABLE_STRICT_OBJC_MSGSEND = YES;
				GCC_C_LANGUAGE_STANDARD = gnu99;
				GCC_NO_COMMON_BLOCKS = YES;
				GCC_WARN_64_TO_32_BIT_CONVERSION = YES;
				GCC_WARN_ABOUT_RETURN_TYPE = YES_ERROR;
				GCC_WARN_UNDECLARED_SELECTOR = YES;
				GCC_WARN_UNINITIALIZED_AUTOS = YES_AGGRESSIVE;
				GCC_WARN_UNUSED_FUNCTION = YES;
				GCC_WARN_UNUSED_VARIABLE = YES;
				IPHONEOS_DEPLOYMENT_TARGET = 9.0;
				MTL_ENABLE_DEBUG_INFO = NO;
				SDKROOT = iphoneos;
				VALIDATE_PRODUCT = YES;
			};
			name = Release;
		};
		4AA1436F1B9B3C7F00F48970 /* Debug */ = {
			isa = XCBuildConfiguration;
			buildSettings = {
				ASSETCATALOG_COMPILER_APPICON_NAME = AppIcon;
				INFOPLIST_FILE = "To-Do-List/Info.plist";
				IPHONEOS_DEPLOYMENT_TARGET = 8.4;
				LD_RUNPATH_SEARCH_PATHS = "$(inherited) @executable_path/Frameworks";
				PRODUCT_BUNDLE_IDENTIFIER = "com.kennanseno.To-Do-List";
				PRODUCT_NAME = "$(TARGET_NAME)";
			};
			name = Debug;
		};
		4AA143701B9B3C7F00F48970 /* Release */ = {
			isa = XCBuildConfiguration;
			buildSettings = {
				ASSETCATALOG_COMPILER_APPICON_NAME = AppIcon;
				INFOPLIST_FILE = "To-Do-List/Info.plist";
				IPHONEOS_DEPLOYMENT_TARGET = 8.4;
				LD_RUNPATH_SEARCH_PATHS = "$(inherited) @executable_path/Frameworks";
				PRODUCT_BUNDLE_IDENTIFIER = "com.kennanseno.To-Do-List";
				PRODUCT_NAME = "$(TARGET_NAME)";
			};
			name = Release;
		};
/* End XCBuildConfiguration section */

/* Begin XCConfigurationList section */
		4AA143551B9B3C7F00F48970 /* Build configuration list for PBXProject "To-Do-List" */ = {
			isa = XCConfigurationList;
			buildConfigurations = (
				4AA1436C1B9B3C7F00F48970 /* Debug */,
				4AA1436D1B9B3C7F00F48970 /* Release */,
			);
			defaultConfigurationIsVisible = 0;
			defaultConfigurationName = Release;
		};
		4AA1436E1B9B3C7F00F48970 /* Build configuration list for PBXNativeTarget "To-Do-List" */ = {
			isa = XCConfigurationList;
			buildConfigurations = (
				4AA1436F1B9B3C7F00F48970 /* Debug */,
				4AA143701B9B3C7F00F48970 /* Release */,
			);
			defaultConfigurationIsVisible = 0;
		};
/* End XCConfigurationList section */
	};
	rootObject = 4AA143521B9B3C7F00F48970 /* Project object */;
}
