// !$*UTF8*$!
{
	archiveVersion = 1;
	classes = {
	};
	objectVersion = 46;
	objects = {

/* Begin PBXBuildFile section */
		4ABB24F71B9CDF64001729AB /* AppDelegate.swift in Sources */ = {isa = PBXBuildFile; fileRef = 4ABB24F61B9CDF64001729AB /* AppDelegate.swift */; };
		4ABB24F91B9CDF64001729AB /* ViewController.swift in Sources */ = {isa = PBXBuildFile; fileRef = 4ABB24F81B9CDF64001729AB /* ViewController.swift */; };
		4ABB24FC1B9CDF64001729AB /* Main.storyboard in Resources */ = {isa = PBXBuildFile; fileRef = 4ABB24FA1B9CDF64001729AB /* Main.storyboard */; };
		4ABB24FE1B9CDF64001729AB /* Assets.xcassets in Resources */ = {isa = PBXBuildFile; fileRef = 4ABB24FD1B9CDF64001729AB /* Assets.xcassets */; };
		4ABB25011B9CDF64001729AB /* LaunchScreen.storyboard in Resources */ = {isa = PBXBuildFile; fileRef = 4ABB24FF1B9CDF64001729AB /* LaunchScreen.storyboard */; };
		4ABB250B1B9CE082001729AB /* TableViewController.swift in Sources */ = {isa = PBXBuildFile; fileRef = 4ABB250A1B9CE082001729AB /* TableViewController.swift */; settings = {ASSET_TAGS = (); }; };
/* End PBXBuildFile section */

/* Begin PBXFileReference section */
		4ABB24F31B9CDF64001729AB /* Advanced Seques.app */ = {isa = PBXFileReference; explicitFileType = wrapper.application; includeInIndex = 0; path = "Advanced Seques.app"; sourceTree = BUILT_PRODUCTS_DIR; };
		4ABB24F61B9CDF64001729AB /* AppDelegate.swift */ = {isa = PBXFileReference; lastKnownFileType = sourcecode.swift; path = AppDelegate.swift; sourceTree = "<group>"; };
		4ABB24F81B9CDF64001729AB /* ViewController.swift */ = {isa = PBXFileReference; lastKnownFileType = sourcecode.swift; path = ViewController.swift; sourceTree = "<group>"; };
		4ABB24FB1B9CDF64001729AB /* Base */ = {isa = PBXFileReference; lastKnownFileType = file.storyboard; name = Base; path = Base.lproj/Main.storyboard; sourceTree = "<group>"; };
		4ABB24FD1B9CDF64001729AB /* Assets.xcassets */ = {isa = PBXFileReference; lastKnownFileType = folder.assetcatalog; path = Assets.xcassets; sourceTree = "<group>"; };
		4ABB25001B9CDF64001729AB /* Base */ = {isa = PBXFileReference; lastKnownFileType = file.storyboard; name = Base; path = Base.lproj/LaunchScreen.storyboard; sourceTree = "<group>"; };
		4ABB25021B9CDF64001729AB /* Info.plist */ = {isa = PBXFileReference; lastKnownFileType = text.plist.xml; path = Info.plist; sourceTree = "<group>"; };
		4ABB250A1B9CE082001729AB /* TableViewController.swift */ = {isa = PBXFileReference; fileEncoding = 4; lastKnownFileType = sourcecode.swift; name = TableViewController.swift; path = ../TableViewController.swift; sourceTree = "<group>"; };
/* End PBXFileReference section */

/* Begin PBXFrameworksBuildPhase section */
		4ABB24F01B9CDF64001729AB /* Frameworks */ = {
			isa = PBXFrameworksBuildPhase;
			buildActionMask = 2147483647;
			files = (
			);
			runOnlyForDeploymentPostprocessing = 0;
		};
/* End PBXFrameworksBuildPhase section */

/* Begin PBXGroup section */
		4ABB24EA1B9CDF63001729AB = {
			isa = PBXGroup;
			children = (
				4ABB24F51B9CDF64001729AB /* Advanced Seques */,
				4ABB24F41B9CDF64001729AB /* Products */,
			);
			sourceTree = "<group>";
		};
		4ABB24F41B9CDF64001729AB /* Products */ = {
			isa = PBXGroup;
			children = (
				4ABB24F31B9CDF64001729AB /* Advanced Seques.app */,
			);
			name = Products;
			sourceTree = "<group>";
		};
		4ABB24F51B9CDF64001729AB /* Advanced Seques */ = {
			isa = PBXGroup;
			children = (
				4ABB24F61B9CDF64001729AB /* AppDelegate.swift */,
				4ABB250A1B9CE082001729AB /* TableViewController.swift */,
				4ABB24F81B9CDF64001729AB /* ViewController.swift */,
				4ABB24FA1B9CDF64001729AB /* Main.storyboard */,
				4ABB24FD1B9CDF64001729AB /* Assets.xcassets */,
				4ABB24FF1B9CDF64001729AB /* LaunchScreen.storyboard */,
				4ABB25021B9CDF64001729AB /* Info.plist */,
			);
			path = "Advanced Seques";
			sourceTree = "<group>";
		};
/* End PBXGroup section */

/* Begin PBXNativeTarget section */
		4ABB24F21B9CDF64001729AB /* Advanced Seques */ = {
			isa = PBXNativeTarget;
			buildConfigurationList = 4ABB25051B9CDF64001729AB /* Build configuration list for PBXNativeTarget "Advanced Seques" */;
			buildPhases = (
				4ABB24EF1B9CDF64001729AB /* Sources */,
				4ABB24F01B9CDF64001729AB /* Frameworks */,
				4ABB24F11B9CDF64001729AB /* Resources */,
			);
			buildRules = (
			);
			dependencies = (
			);
			name = "Advanced Seques";
			productName = "Advanced Seques";
			productReference = 4ABB24F31B9CDF64001729AB /* Advanced Seques.app */;
			productType = "com.apple.product-type.application";
		};
/* End PBXNativeTarget section */

/* Begin PBXProject section */
		4ABB24EB1B9CDF63001729AB /* Project object */ = {
			isa = PBXProject;
			attributes = {
				LastUpgradeCheck = 0700;
				ORGANIZATIONNAME = kennanseno;
				TargetAttributes = {
					4ABB24F21B9CDF64001729AB = {
						CreatedOnToolsVersion = 7.0;
						DevelopmentTeam = NSR8S4AA7Q;
					};
				};
			};
			buildConfigurationList = 4ABB24EE1B9CDF63001729AB /* Build configuration list for PBXProject "Advanced Seques" */;
			compatibilityVersion = "Xcode 3.2";
			developmentRegion = English;
			hasScannedForEncodings = 0;
			knownRegions = (
				en,
				Base,
			);
			mainGroup = 4ABB24EA1B9CDF63001729AB;
			productRefGroup = 4ABB24F41B9CDF64001729AB /* Products */;
			projectDirPath = "";
			projectRoot = "";
			targets = (
				4ABB24F21B9CDF64001729AB /* Advanced Seques */,
			);
		};
/* End PBXProject section */

/* Begin PBXResourcesBuildPhase section */
		4ABB24F11B9CDF64001729AB /* Resources */ = {
			isa = PBXResourcesBuildPhase;
			buildActionMask = 2147483647;
			files = (
				4ABB25011B9CDF64001729AB /* LaunchScreen.storyboard in Resources */,
				4ABB24FE1B9CDF64001729AB /* Assets.xcassets in Resources */,
				4ABB24FC1B9CDF64001729AB /* Main.storyboard in Resources */,
			);
			runOnlyForDeploymentPostprocessing = 0;
		};
/* End PBXResourcesBuildPhase section */

/* Begin PBXSourcesBuildPhase section */
		4ABB24EF1B9CDF64001729AB /* Sources */ = {
			isa = PBXSourcesBuildPhase;
			buildActionMask = 2147483647;
			files = (
				4ABB24F91B9CDF64001729AB /* ViewController.swift in Sources */,
				4ABB250B1B9CE082001729AB /* TableViewController.swift in Sources */,
				4ABB24F71B9CDF64001729AB /* AppDelegate.swift in Sources */,
			);
			runOnlyForDeploymentPostprocessing = 0;
		};
/* End PBXSourcesBuildPhase section */

/* Begin PBXVariantGroup section */
		4ABB24FA1B9CDF64001729AB /* Main.storyboard */ = {
			isa = PBXVariantGroup;
			children = (
				4ABB24FB1B9CDF64001729AB /* Base */,
			);
			name = Main.storyboard;
			sourceTree = "<group>";
		};
		4ABB24FF1B9CDF64001729AB /* LaunchScreen.storyboard */ = {
			isa = PBXVariantGroup;
			children = (
				4ABB25001B9CDF64001729AB /* Base */,
			);
			name = LaunchScreen.storyboard;
			sourceTree = "<group>";
		};
/* End PBXVariantGroup section */

/* Begin XCBuildConfiguration section */
		4ABB25031B9CDF64001729AB /* Debug */ = {
			isa = XCBuildConfiguration;
			buildSettings = {
				ALWAYS_SEARCH_USER_PATHS = NO;
				CLANG_CXX_LANGUAGE_STANDARD = "gnu++0x";
				CLANG_CXX_LIBRARY = "libc++";
				CLANG_ENABLE_MODULES = YES;
				CLANG_ENABLE_OBJC_ARC = YES;
				CLANG_WARN_BOOL_CONVERSION = YES;
				CLANG_WARN_CONSTANT_CONVERSION = YES;
				CLANG_WARN_DIRECT_OBJC_ISA_USAGE = YES_ERROR;
				CLANG_WARN_EMPTY_BODY = YES;
				CLANG_WARN_ENUM_CONVERSION = YES;
				CLANG_WARN_INT_CONVERSION = YES;
				CLANG_WARN_OBJC_ROOT_CLASS = YES_ERROR;
				CLANG_WARN_UNREACHABLE_CODE = YES;
				CLANG_WARN__DUPLICATE_METHOD_MATCH = YES;
				"CODE_SIGN_IDENTITY[sdk=iphoneos*]" = "iPhone Developer";
				COPY_PHASE_STRIP = NO;
				DEBUG_INFORMATION_FORMAT = dwarf;
				ENABLE_STRICT_OBJC_MSGSEND = YES;
				ENABLE_TESTABILITY = YES;
				GCC_C_LANGUAGE_STANDARD = gnu99;
				GCC_DYNAMIC_NO_PIC = NO;
				GCC_NO_COMMON_BLOCKS = YES;
				GCC_OPTIMIZATION_LEVEL = 0;
				GCC_PREPROCESSOR_DEFINITIONS = (
					"DEBUG=1",
					"$(inherited)",
				);
				GCC_WARN_64_TO_32_BIT_CONVERSION = YES;
				GCC_WARN_ABOUT_RETURN_TYPE = YES_ERROR;
				GCC_WARN_UNDECLARED_SELECTOR = YES;
				GCC_WARN_UNINITIALIZED_AUTOS = YES_AGGRESSIVE;
				GCC_WARN_UNUSED_FUNCTION = YES;
				GCC_WARN_UNUSED_VARIABLE = YES;
				IPHONEOS_DEPLOYMENT_TARGET = 9.0;
				MTL_ENABLE_DEBUG_INFO = YES;
				ONLY_ACTIVE_ARCH = YES;
				SDKROOT = iphoneos;
				SWIFT_OPTIMIZATION_LEVEL = "-Onone";
			};
			name = Debug;
		};
		4ABB25041B9CDF64001729AB /* Release */ = {
			isa = XCBuildConfiguration;
			buildSettings = {
				ALWAYS_SEARCH_USER_PATHS = NO;
				CLANG_CXX_LANGUAGE_STANDARD = "gnu++0x";
				CLANG_CXX_LIBRARY = "libc++";
				CLANG_ENABLE_MODULES = YES;
				CLANG_ENABLE_OBJC_ARC = YES;
				CLANG_WARN_BOOL_CONVERSION = YES;
				CLANG_WARN_CONSTANT_CONVERSION = YES;
				CLANG_WARN_DIRECT_OBJC_ISA_USAGE = YES_ERROR;
				CLANG_WARN_EMPTY_BODY = YES;
				CLANG_WARN_ENUM_CONVERSION = YES;
				CLANG_WARN_INT_CONVERSION = YES;
				CLANG_WARN_OBJC_ROOT_CLASS = YES_ERROR;
				CLANG_WARN_UNREACHABLE_CODE = YES;
				CLANG_WARN__DUPLICATE_METHOD_MATCH = YES;
				"CODE_SIGN_IDENTITY[sdk=iphoneos*]" = "iPhone Developer";
				COPY_PHASE_STRIP = NO;
				DEBUG_INFORMATION_FORMAT = "dwarf-with-dsym";
				ENABLE_NS_ASSERTIONS = NO;
				ENABLE_STRICT_OBJC_MSGSEND = YES;
				GCC_C_LANGUAGE_STANDARD = gnu99;
				GCC_NO_COMMON_BLOCKS = YES;
				GCC_WARN_64_TO_32_BIT_CONVERSION = YES;
				GCC_WARN_ABOUT_RETURN_TYPE = YES_ERROR;
				GCC_WARN_UNDECLARED_SELECTOR = YES;
				GCC_WARN_UNINITIALIZED_AUTOS = YES_AGGRESSIVE;
				GCC_WARN_UNUSED_FUNCTION = YES;
				GCC_WARN_UNUSED_VARIABLE = YES;
				IPHONEOS_DEPLOYMENT_TARGET = 9.0;
				MTL_ENABLE_DEBUG_INFO = NO;
				SDKROOT = iphoneos;
				VALIDATE_PRODUCT = YES;
			};
			name = Release;
		};
		4ABB25061B9CDF64001729AB /* Debug */ = {
			isa = XCBuildConfiguration;
			buildSettings = {
				ASSETCATALOG_COMPILER_APPICON_NAME = AppIcon;
				INFOPLIST_FILE = "Advanced Seques/Info.plist";
				IPHONEOS_DEPLOYMENT_TARGET = 8.4;
				LD_RUNPATH_SEARCH_PATHS = "$(inherited) @executable_path/Frameworks";
				PRODUCT_BUNDLE_IDENTIFIER = "com.kennanseno.Advanced-Seques";
				PRODUCT_NAME = "$(TARGET_NAME)";
			};
			name = Debug;
		};
		4ABB25071B9CDF64001729AB /* Release */ = {
			isa = XCBuildConfiguration;
			buildSettings = {
				ASSETCATALOG_COMPILER_APPICON_NAME = AppIcon;
				INFOPLIST_FILE = "Advanced Seques/Info.plist";
				IPHONEOS_DEPLOYMENT_TARGET = 8.4;
				LD_RUNPATH_SEARCH_PATHS = "$(inherited) @executable_path/Frameworks";
				PRODUCT_BUNDLE_IDENTIFIER = "com.kennanseno.Advanced-Seques";
				PRODUCT_NAME = "$(TARGET_NAME)";
			};
			name = Release;
		};
/* End XCBuildConfiguration section */

/* Begin XCConfigurationList section */
		4ABB24EE1B9CDF63001729AB /* Build configuration list for PBXProject "Advanced Seques" */ = {
			isa = XCConfigurationList;
			buildConfigurations = (
				4ABB25031B9CDF64001729AB /* Debug */,
				4ABB25041B9CDF64001729AB /* Release */,
			);
			defaultConfigurationIsVisible = 0;
			defaultConfigurationName = Release;
		};
		4ABB25051B9CDF64001729AB /* Build configuration list for PBXNativeTarget "Advanced Seques" */ = {
			isa = XCConfigurationList;
			buildConfigurations = (
				4ABB25061B9CDF64001729AB /* Debug */,
				4ABB25071B9CDF64001729AB /* Release */,
			);
			defaultConfigurationIsVisible = 0;
		};
/* End XCConfigurationList section */
	};
	rootObject = 4ABB24EB1B9CDF63001729AB /* Project object */;
}
