// !$*UTF8*$!
{
	archiveVersion = 1;
	classes = {
	};
	objectVersion = 46;
	objects = {

/* Begin PBXBuildFile section */
		4ABB24971B9C771B001729AB /* AppDelegate.swift in Sources */ = {isa = PBXBuildFile; fileRef = 4ABB24961B9C771B001729AB /* AppDelegate.swift */; };
		4ABB24991B9C771B001729AB /* ViewController.swift in Sources */ = {isa = PBXBuildFile; fileRef = 4ABB24981B9C771B001729AB /* ViewController.swift */; };
		4ABB249C1B9C771B001729AB /* Main.storyboard in Resources */ = {isa = PBXBuildFile; fileRef = 4ABB249A1B9C771B001729AB /* Main.storyboard */; };
		4ABB249E1B9C771B001729AB /* Assets.xcassets in Resources */ = {isa = PBXBuildFile; fileRef = 4ABB249D1B9C771B001729AB /* Assets.xcassets */; };
		4ABB24A11B9C771B001729AB /* LaunchScreen.storyboard in Resources */ = {isa = PBXBuildFile; fileRef = 4ABB249F1B9C771B001729AB /* LaunchScreen.storyboard */; };
		4ABB24A91B9C84B9001729AB /* CoreLocation.framework in Frameworks */ = {isa = PBXBuildFile; fileRef = 4ABB24A81B9C84B9001729AB /* CoreLocation.framework */; };
/* End PBXBuildFile section */

/* Begin PBXFileReference section */
		4ABB24931B9C771B001729AB /* Map demo.app */ = {isa = PBXFileReference; explicitFileType = wrapper.application; includeInIndex = 0; path = "Map demo.app"; sourceTree = BUILT_PRODUCTS_DIR; };
		4ABB24961B9C771B001729AB /* AppDelegate.swift */ = {isa = PBXFileReference; lastKnownFileType = sourcecode.swift; path = AppDelegate.swift; sourceTree = "<group>"; };
		4ABB24981B9C771B001729AB /* ViewController.swift */ = {isa = PBXFileReference; lastKnownFileType = sourcecode.swift; path = ViewController.swift; sourceTree = "<group>"; };
		4ABB249B1B9C771B001729AB /* Base */ = {isa = PBXFileReference; lastKnownFileType = file.storyboard; name = Base; path = Base.lproj/Main.storyboard; sourceTree = "<group>"; };
		4ABB249D1B9C771B001729AB /* Assets.xcassets */ = {isa = PBXFileReference; lastKnownFileType = folder.assetcatalog; path = Assets.xcassets; sourceTree = "<group>"; };
		4ABB24A01B9C771B001729AB /* Base */ = {isa = PBXFileReference; lastKnownFileType = file.storyboard; name = Base; path = Base.lproj/LaunchScreen.storyboard; sourceTree = "<group>"; };
		4ABB24A21B9C771B001729AB /* Info.plist */ = {isa = PBXFileReference; lastKnownFileType = text.plist.xml; path = Info.plist; sourceTree = "<group>"; };
		4ABB24A81B9C84B9001729AB /* CoreLocation.framework */ = {isa = PBXFileReference; lastKnownFileType = wrapper.framework; name = CoreLocation.framework; path = System/Library/Frameworks/CoreLocation.framework; sourceTree = SDKROOT; };
/* End PBXFileReference section */

/* Begin PBXFrameworksBuildPhase section */
		4ABB24901B9C771B001729AB /* Frameworks */ = {
			isa = PBXFrameworksBuildPhase;
			buildActionMask = 2147483647;
			files = (
				4ABB24A91B9C84B9001729AB /* CoreLocation.framework in Frameworks */,
			);
			runOnlyForDeploymentPostprocessing = 0;
		};
/* End PBXFrameworksBuildPhase section */

/* Begin PBXGroup section */
		4ABB248A1B9C771B001729AB = {
			isa = PBXGroup;
			children = (
				4ABB24A81B9C84B9001729AB /* CoreLocation.framework */,
				4ABB24951B9C771B001729AB /* Map demo */,
				4ABB24941B9C771B001729AB /* Products */,
			);
			sourceTree = "<group>";
		};
		4ABB24941B9C771B001729AB /* Products */ = {
			isa = PBXGroup;
			children = (
				4ABB24931B9C771B001729AB /* Map demo.app */,
			);
			name = Products;
			sourceTree = "<group>";
		};
		4ABB24951B9C771B001729AB /* Map demo */ = {
			isa = PBXGroup;
			children = (
				4ABB24961B9C771B001729AB /* AppDelegate.swift */,
				4ABB24981B9C771B001729AB /* ViewController.swift */,
				4ABB249A1B9C771B001729AB /* Main.storyboard */,
				4ABB249D1B9C771B001729AB /* Assets.xcassets */,
				4ABB249F1B9C771B001729AB /* LaunchScreen.storyboard */,
				4ABB24A21B9C771B001729AB /* Info.plist */,
			);
			path = "Map demo";
			sourceTree = "<group>";
		};
/* End PBXGroup section */

/* Begin PBXNativeTarget section */
		4ABB24921B9C771B001729AB /* Map demo */ = {
			isa = PBXNativeTarget;
			buildConfigurationList = 4ABB24A51B9C771B001729AB /* Build configuration list for PBXNativeTarget "Map demo" */;
			buildPhases = (
				4ABB248F1B9C771B001729AB /* Sources */,
				4ABB24901B9C771B001729AB /* Frameworks */,
				4ABB24911B9C771B001729AB /* Resources */,
			);
			buildRules = (
			);
			dependencies = (
			);
			name = "Map demo";
			productName = "Map demo";
			productReference = 4ABB24931B9C771B001729AB /* Map demo.app */;
			productType = "com.apple.product-type.application";
		};
/* End PBXNativeTarget section */

/* Begin PBXProject section */
		4ABB248B1B9C771B001729AB /* Project object */ = {
			isa = PBXProject;
			attributes = {
				LastUpgradeCheck = 0700;
				ORGANIZATIONNAME = kennanseno;
				TargetAttributes = {
					4ABB24921B9C771B001729AB = {
						CreatedOnToolsVersion = 7.0;
						DevelopmentTeam = NSR8S4AA7Q;
					};
				};
			};
			buildConfigurationList = 4ABB248E1B9C771B001729AB /* Build configuration list for PBXProject "Map demo" */;
			compatibilityVersion = "Xcode 3.2";
			developmentRegion = English;
			hasScannedForEncodings = 0;
			knownRegions = (
				en,
				Base,
			);
			mainGroup = 4ABB248A1B9C771B001729AB;
			productRefGroup = 4ABB24941B9C771B001729AB /* Products */;
			projectDirPath = "";
			projectRoot = "";
			targets = (
				4ABB24921B9C771B001729AB /* Map demo */,
			);
		};
/* End PBXProject section */

/* Begin PBXResourcesBuildPhase section */
		4ABB24911B9C771B001729AB /* Resources */ = {
			isa = PBXResourcesBuildPhase;
			buildActionMask = 2147483647;
			files = (
				4ABB24A11B9C771B001729AB /* LaunchScreen.storyboard in Resources */,
				4ABB249E1B9C771B001729AB /* Assets.xcassets in Resources */,
				4ABB249C1B9C771B001729AB /* Main.storyboard in Resources */,
			);
			runOnlyForDeploymentPostprocessing = 0;
		};
/* End PBXResourcesBuildPhase section */

/* Begin PBXSourcesBuildPhase section */
		4ABB248F1B9C771B001729AB /* Sources */ = {
			isa = PBXSourcesBuildPhase;
			buildActionMask = 2147483647;
			files = (
				4ABB24991B9C771B001729AB /* ViewController.swift in Sources */,
				4ABB24971B9C771B001729AB /* AppDelegate.swift in Sources */,
			);
			runOnlyForDeploymentPostprocessing = 0;
		};
/* End PBXSourcesBuildPhase section */

/* Begin PBXVariantGroup section */
		4ABB249A1B9C771B001729AB /* Main.storyboard */ = {
			isa = PBXVariantGroup;
			children = (
				4ABB249B1B9C771B001729AB /* Base */,
			);
			name = Main.storyboard;
			sourceTree = "<group>";
		};
		4ABB249F1B9C771B001729AB /* LaunchScreen.storyboard */ = {
			isa = PBXVariantGroup;
			children = (
				4ABB24A01B9C771B001729AB /* Base */,
			);
			name = LaunchScreen.storyboard;
			sourceTree = "<group>";
		};
/* End PBXVariantGroup section */

/* Begin XCBuildConfiguration section */
		4ABB24A31B9C771B001729AB /* Debug */ = {
			isa = XCBuildConfiguration;
			buildSettings = {
				ALWAYS_SEARCH_USER_PATHS = NO;
				CLANG_CXX_LANGUAGE_STANDARD = "gnu++0x";
				CLANG_CXX_LIBRARY = "libc++";
				CLANG_ENABLE_MODULES = YES;
				CLANG_ENABLE_OBJC_ARC = YES;
				CLANG_WARN_BOOL_CONVERSION = YES;
				CLANG_WARN_CONSTANT_CONVERSION = YES;
				CLANG_WARN_DIRECT_OBJC_ISA_USAGE = YES_ERROR;
				CLANG_WARN_EMPTY_BODY = YES;
				CLANG_WARN_ENUM_CONVERSION = YES;
				CLANG_WARN_INT_CONVERSION = YES;
				CLANG_WARN_OBJC_ROOT_CLASS = YES_ERROR;
				CLANG_WARN_UNREACHABLE_CODE = YES;
				CLANG_WARN__DUPLICATE_METHOD_MATCH = YES;
				"CODE_SIGN_IDENTITY[sdk=iphoneos*]" = "iPhone Developer";
				COPY_PHASE_STRIP = NO;
				DEBUG_INFORMATION_FORMAT = dwarf;
				ENABLE_STRICT_OBJC_MSGSEND = YES;
				ENABLE_TESTABILITY = YES;
				GCC_C_LANGUAGE_STANDARD = gnu99;
				GCC_DYNAMIC_NO_PIC = NO;
				GCC_NO_COMMON_BLOCKS = YES;
				GCC_OPTIMIZATION_LEVEL = 0;
				GCC_PREPROCESSOR_DEFINITIONS = (
					"DEBUG=1",
					"$(inherited)",
				);
				GCC_WARN_64_TO_32_BIT_CONVERSION = YES;
				GCC_WARN_ABOUT_RETURN_TYPE = YES_ERROR;
				GCC_WARN_UNDECLARED_SELECTOR = YES;
				GCC_WARN_UNINITIALIZED_AUTOS = YES_AGGRESSIVE;
				GCC_WARN_UNUSED_FUNCTION = YES;
				GCC_WARN_UNUSED_VARIABLE = YES;
				IPHONEOS_DEPLOYMENT_TARGET = 9.0;
				MTL_ENABLE_DEBUG_INFO = YES;
				ONLY_ACTIVE_ARCH = YES;
				SDKROOT = iphoneos;
				SWIFT_OPTIMIZATION_LEVEL = "-Onone";
			};
			name = Debug;
		};
		4ABB24A41B9C771B001729AB /* Release */ = {
			isa = XCBuildConfiguration;
			buildSettings = {
				ALWAYS_SEARCH_USER_PATHS = NO;
				CLANG_CXX_LANGUAGE_STANDARD = "gnu++0x";
				CLANG_CXX_LIBRARY = "libc++";
				CLANG_ENABLE_MODULES = YES;
				CLANG_ENABLE_OBJC_ARC = YES;
				CLANG_WARN_BOOL_CONVERSION = YES;
				CLANG_WARN_CONSTANT_CONVERSION = YES;
				CLANG_WARN_DIRECT_OBJC_ISA_USAGE = YES_ERROR;
				CLANG_WARN_EMPTY_BODY = YES;
				CLANG_WARN_ENUM_CONVERSION = YES;
				CLANG_WARN_INT_CONVERSION = YES;
				CLANG_WARN_OBJC_ROOT_CLASS = YES_ERROR;
				CLANG_WARN_UNREACHABLE_CODE = YES;
				CLANG_WARN__DUPLICATE_METHOD_MATCH = YES;
				"CODE_SIGN_IDENTITY[sdk=iphoneos*]" = "iPhone Developer";
				COPY_PHASE_STRIP = NO;
				DEBUG_INFORMATION_FORMAT = "dwarf-with-dsym";
				ENABLE_NS_ASSERTIONS = NO;
				ENABLE_STRICT_OBJC_MSGSEND = YES;
				GCC_C_LANGUAGE_STANDARD = gnu99;
				GCC_NO_COMMON_BLOCKS = YES;
				GCC_WARN_64_TO_32_BIT_CONVERSION = YES;
				GCC_WARN_ABOUT_RETURN_TYPE = YES_ERROR;
				GCC_WARN_UNDECLARED_SELECTOR = YES;
				GCC_WARN_UNINITIALIZED_AUTOS = YES_AGGRESSIVE;
				GCC_WARN_UNUSED_FUNCTION = YES;
				GCC_WARN_UNUSED_VARIABLE = YES;
				IPHONEOS_DEPLOYMENT_TARGET = 9.0;
				MTL_ENABLE_DEBUG_INFO = NO;
				SDKROOT = iphoneos;
				VALIDATE_PRODUCT = YES;
			};
			name = Release;
		};
		4ABB24A61B9C771B001729AB /* Debug */ = {
			isa = XCBuildConfiguration;
			buildSettings = {
				ASSETCATALOG_COMPILER_APPICON_NAME = AppIcon;
				INFOPLIST_FILE = "Map demo/Info.plist";
				IPHONEOS_DEPLOYMENT_TARGET = 8.4;
				LD_RUNPATH_SEARCH_PATHS = "$(inherited) @executable_path/Frameworks";
				PRODUCT_BUNDLE_IDENTIFIER = "com.kennanseno.Map-demo";
				PRODUCT_NAME = "$(TARGET_NAME)";
			};
			name = Debug;
		};
		4ABB24A71B9C771B001729AB /* Release */ = {
			isa = XCBuildConfiguration;
			buildSettings = {
				ASSETCATALOG_COMPILER_APPICON_NAME = AppIcon;
				INFOPLIST_FILE = "Map demo/Info.plist";
				IPHONEOS_DEPLOYMENT_TARGET = 8.4;
				LD_RUNPATH_SEARCH_PATHS = "$(inherited) @executable_path/Frameworks";
				PRODUCT_BUNDLE_IDENTIFIER = "com.kennanseno.Map-demo";
				PRODUCT_NAME = "$(TARGET_NAME)";
			};
			name = Release;
		};
/* End XCBuildConfiguration section */

/* Begin XCConfigurationList section */
		4ABB248E1B9C771B001729AB /* Build configuration list for PBXProject "Map demo" */ = {
			isa = XCConfigurationList;
			buildConfigurations = (
				4ABB24A31B9C771B001729AB /* Debug */,
				4ABB24A41B9C771B001729AB /* Release */,
			);
			defaultConfigurationIsVisible = 0;
			defaultConfigurationName = Release;
		};
		4ABB24A51B9C771B001729AB /* Build configuration list for PBXNativeTarget "Map demo" */ = {
			isa = XCConfigurationList;
			buildConfigurations = (
				4ABB24A61B9C771B001729AB /* Debug */,
				4ABB24A71B9C771B001729AB /* Release */,
			);
			defaultConfigurationIsVisible = 0;
		};
/* End XCConfigurationList section */
	};
	rootObject = 4ABB248B1B9C771B001729AB /* Project object */;
}
